
Microsoft Visual Studio Solution File, Format Version 12.00
# Visual Studio 15
VisualStudioVersion = 15.0.28307.757
MinimumVisualStudioVersion = 10.0.40219.1
Project("{FAE04EC0-301F-11D3-BF4B-00C04F79EFBC}") = "Assign1", "Assign1\Assign1.csproj", "{FB1248AD-E2C1-464C-8C8C-D5005BDE1BD3}"
EndProject
Global
	GlobalSection(SolutionConfigurationPlatforms) = preSolution
		Debug|Any CPU = Debug|Any CPU
		Release|Any CPU = Release|Any CPU
	EndGlobalSection
	GlobalSection(ProjectConfigurationPlatforms) = postSolution
		{FB1248AD-E2C1-464C-8C8C-D5005BDE1BD3}.Debug|Any CPU.ActiveCfg = Debug|Any CPU
		{FB1248AD-E2C1-464C-8C8C-D5005BDE1BD3}.Debug|Any CPU.Build.0 = Debug|Any CPU
		{FB1248AD-E2C1-464C-8C8C-D5005BDE1BD3}.Release|Any CPU.ActiveCfg = Release|Any CPU
		{FB1248AD-E2C1-464C-8C8C-D5005BDE1BD3}.Release|Any CPU.Build.0 = Release|Any CPU
	EndGlobalSection
	GlobalSection(SolutionProperties) = preSolution
		HideSolutionNode = FALSE
	EndGlobalSection
	GlobalSection(ExtensibilityGlobals) = postSolution
		SolutionGuid = {BE1B9C55-0304-4BB7-AF57-38DBB89088CB}
	EndGlobalSection
EndGlobal
